
Microsoft Visual Studio Solution File, Format Version 12.00
# Visual Studio Version 16
VisualStudioVersion = 16.0.32106.194
MinimumVisualStudioVersion = 10.0.40219.1
Project("{FAE04EC0-301F-11D3-BF4B-00C04F79EFBC}") = "DirectoriesAndFiles", "DirectoriesAndFiles\DirectoriesAndFiles.csproj", "{8BDECB2D-15B8-46F6-A975-2432C2D693F5}"
EndProject
Project("{FAE04EC0-301F-11D3-BF4B-00C04F79EFBC}") = "WishList", "WishList\WishList.csproj", "{F876253F-69EE-4BF9-913D-396EB3A4CBEC}"
EndProject
Project("{FAE04EC0-301F-11D3-BF4B-00C04F79EFBC}") = "MyWishListFile", "MyWishListFIle\MyWishListFile.csproj", "{775FC0C2-228D-4162-9D5C-BDABD33E03B3}"
EndProject
Project("{FAE04EC0-301F-11D3-BF4B-00C04F79EFBC}") = "ShoppingList", "ShoppingList\ShoppingList.csproj", "{5CD71B68-0603-49ED-B6EB-A96FA09FCEB6}"
EndProject
Project("{FAE04EC0-301F-11D3-BF4B-00C04F79EFBC}") = "MyShoppingList", "MyShoppingList\MyShoppingList.csproj", "{823CC6DD-8CEA-49F3-BEE3-C9165DFE1A23}"
EndProject
Global
	GlobalSection(SolutionConfigurationPlatforms) = preSolution
		Debug|Any CPU = Debug|Any CPU
		Release|Any CPU = Release|Any CPU
	EndGlobalSection
	GlobalSection(ProjectConfigurationPlatforms) = postSolution
		{8BDECB2D-15B8-46F6-A975-2432C2D693F5}.Debug|Any CPU.ActiveCfg = Debug|Any CPU
		{8BDECB2D-15B8-46F6-A975-2432C2D693F5}.Debug|Any CPU.Build.0 = Debug|Any CPU
		{8BDECB2D-15B8-46F6-A975-2432C2D693F5}.Release|Any CPU.ActiveCfg = Release|Any CPU
		{8BDECB2D-15B8-46F6-A975-2432C2D693F5}.Release|Any CPU.Build.0 = Release|Any CPU
		{F876253F-69EE-4BF9-913D-396EB3A4CBEC}.Debug|Any CPU.ActiveCfg = Debug|Any CPU
		{F876253F-69EE-4BF9-913D-396EB3A4CBEC}.Debug|Any CPU.Build.0 = Debug|Any CPU
		{F876253F-69EE-4BF9-913D-396EB3A4CBEC}.Release|Any CPU.ActiveCfg = Release|Any CPU
		{F876253F-69EE-4BF9-913D-396EB3A4CBEC}.Release|Any CPU.Build.0 = Release|Any CPU
		{775FC0C2-228D-4162-9D5C-BDABD33E03B3}.Debug|Any CPU.ActiveCfg = Debug|Any CPU
		{775FC0C2-228D-4162-9D5C-BDABD33E03B3}.Debug|Any CPU.Build.0 = Debug|Any CPU
		{775FC0C2-228D-4162-9D5C-BDABD33E03B3}.Release|Any CPU.ActiveCfg = Release|Any CPU
		{775FC0C2-228D-4162-9D5C-BDABD33E03B3}.Release|Any CPU.Build.0 = Release|Any CPU
		{5CD71B68-0603-49ED-B6EB-A96FA09FCEB6}.Debug|Any CPU.ActiveCfg = Debug|Any CPU
		{5CD71B68-0603-49ED-B6EB-A96FA09FCEB6}.Debug|Any CPU.Build.0 = Debug|Any CPU
		{5CD71B68-0603-49ED-B6EB-A96FA09FCEB6}.Release|Any CPU.ActiveCfg = Release|Any CPU
		{5CD71B68-0603-49ED-B6EB-A96FA09FCEB6}.Release|Any CPU.Build.0 = Release|Any CPU
		{823CC6DD-8CEA-49F3-BEE3-C9165DFE1A23}.Debug|Any CPU.ActiveCfg = Debug|Any CPU
		{823CC6DD-8CEA-49F3-BEE3-C9165DFE1A23}.Debug|Any CPU.Build.0 = Debug|Any CPU
		{823CC6DD-8CEA-49F3-BEE3-C9165DFE1A23}.Release|Any CPU.ActiveCfg = Release|Any CPU
		{823CC6DD-8CEA-49F3-BEE3-C9165DFE1A23}.Release|Any CPU.Build.0 = Release|Any CPU
	EndGlobalSection
	GlobalSection(SolutionProperties) = preSolution
		HideSolutionNode = FALSE
	EndGlobalSection
	GlobalSection(ExtensibilityGlobals) = postSolution
		SolutionGuid = {8D945A3F-D8AC-4450-AB2C-76EEEF2FF774}
	EndGlobalSection
EndGlobal
